
Microsoft Visual Studio Solution File, Format Version 12.00
# Visual Studio 15
Project("{FAE04EC0-301F-11D3-BF4B-00C04F79EFBC}") = "Assembly-CSharp", "Assembly-CSharp.csproj", "{C34259E4-189C-87FD-98E2-171F7E262DAB}"
EndProject
Project("{FAE04EC0-301F-11D3-BF4B-00C04F79EFBC}") = "Assembly-CSharp-Editor", "Assembly-CSharp-Editor.csproj", "{41F94247-FC73-3953-812A-F4F9BB029442}"
EndProject
Global
	GlobalSection(SolutionConfigurationPlatforms) = preSolution
		Debug|Any CPU = Debug|Any CPU
		Release|Any CPU = Release|Any CPU
	EndGlobalSection
	GlobalSection(ProjectConfigurationPlatforms) = postSolution
		{C34259E4-189C-87FD-98E2-171F7E262DAB}.Debug|Any CPU.ActiveCfg = Debug|Any CPU
		{C34259E4-189C-87FD-98E2-171F7E262DAB}.Debug|Any CPU.Build.0 = Debug|Any CPU
		{C34259E4-189C-87FD-98E2-171F7E262DAB}.Release|Any CPU.ActiveCfg = Release|Any CPU
		{C34259E4-189C-87FD-98E2-171F7E262DAB}.Release|Any CPU.Build.0 = Release|Any CPU
		{41F94247-FC73-3953-812A-F4F9BB029442}.Debug|Any CPU.ActiveCfg = Debug|Any CPU
		{41F94247-FC73-3953-812A-F4F9BB029442}.Debug|Any CPU.Build.0 = Debug|Any CPU
		{41F94247-FC73-3953-812A-F4F9BB029442}.Release|Any CPU.ActiveCfg = Release|Any CPU
		{41F94247-FC73-3953-812A-F4F9BB029442}.Release|Any CPU.Build.0 = Release|Any CPU
	EndGlobalSection
	GlobalSection(SolutionProperties) = preSolution
		HideSolutionNode = FALSE
	EndGlobalSection
EndGlobal
